
Microsoft Visual Studio Solution File, Format Version 12.00
# Visual Studio Version 17
VisualStudioVersion = 17.10.34916.146
MinimumVisualStudioVersion = 10.0.40219.1
Project("{FAE04EC0-301F-11D3-BF4B-00C04F79EFBC}") = "WebBanHangOnline", "WebBanHangOnline\WebBanHangOnline.csproj", "{80580E5F-367D-40AB-81F3-4A2ED48350EC}"
EndProject
Project("{FAE04EC0-301F-11D3-BF4B-00C04F79EFBC}") = "DataAccess", "DataAccess\DataAccess.csproj", "{A92A6DEE-F6D8-4081-A5B3-6BFB8810A06D}"
EndProject
Project("{FAE04EC0-301F-11D3-BF4B-00C04F79EFBC}") = "Business", "Business\Business.csproj", "{A0C90200-28C0-40B4-AF11-08D3626C8872}"
EndProject
Project("{FAE04EC0-301F-11D3-BF4B-00C04F79EFBC}") = "Entities", "Entities\Entities.csproj", "{4FE446CF-EA96-4709-9F85-889183E7CF94}"
EndProject
Global
	GlobalSection(SolutionConfigurationPlatforms) = preSolution
		Debug|Any CPU = Debug|Any CPU
		Release|Any CPU = Release|Any CPU
	EndGlobalSection
	GlobalSection(ProjectConfigurationPlatforms) = postSolution
		{80580E5F-367D-40AB-81F3-4A2ED48350EC}.Debug|Any CPU.ActiveCfg = Debug|Any CPU
		{80580E5F-367D-40AB-81F3-4A2ED48350EC}.Debug|Any CPU.Build.0 = Debug|Any CPU
		{80580E5F-367D-40AB-81F3-4A2ED48350EC}.Release|Any CPU.ActiveCfg = Release|Any CPU
		{80580E5F-367D-40AB-81F3-4A2ED48350EC}.Release|Any CPU.Build.0 = Release|Any CPU
		{A92A6DEE-F6D8-4081-A5B3-6BFB8810A06D}.Debug|Any CPU.ActiveCfg = Debug|Any CPU
		{A92A6DEE-F6D8-4081-A5B3-6BFB8810A06D}.Debug|Any CPU.Build.0 = Debug|Any CPU
		{A92A6DEE-F6D8-4081-A5B3-6BFB8810A06D}.Release|Any CPU.ActiveCfg = Release|Any CPU
		{A92A6DEE-F6D8-4081-A5B3-6BFB8810A06D}.Release|Any CPU.Build.0 = Release|Any CPU
		{A0C90200-28C0-40B4-AF11-08D3626C8872}.Debug|Any CPU.ActiveCfg = Debug|Any CPU
		{A0C90200-28C0-40B4-AF11-08D3626C8872}.Debug|Any CPU.Build.0 = Debug|Any CPU
		{A0C90200-28C0-40B4-AF11-08D3626C8872}.Release|Any CPU.ActiveCfg = Release|Any CPU
		{A0C90200-28C0-40B4-AF11-08D3626C8872}.Release|Any CPU.Build.0 = Release|Any CPU
		{4FE446CF-EA96-4709-9F85-889183E7CF94}.Debug|Any CPU.ActiveCfg = Debug|Any CPU
		{4FE446CF-EA96-4709-9F85-889183E7CF94}.Debug|Any CPU.Build.0 = Debug|Any CPU
		{4FE446CF-EA96-4709-9F85-889183E7CF94}.Release|Any CPU.ActiveCfg = Release|Any CPU
		{4FE446CF-EA96-4709-9F85-889183E7CF94}.Release|Any CPU.Build.0 = Release|Any CPU
	EndGlobalSection
	GlobalSection(SolutionProperties) = preSolution
		HideSolutionNode = FALSE
	EndGlobalSection
	GlobalSection(ExtensibilityGlobals) = postSolution
		SolutionGuid = {67F1D88A-CC51-4707-B10E-FFCCF725BB3B}
	EndGlobalSection
EndGlobal
